
Microsoft Visual Studio Solution File, Format Version 12.00
# Visual Studio Version 17
VisualStudioVersion = 17.13.35806.99
MinimumVisualStudioVersion = 10.0.40219.1
Project("{2150E333-8FDC-42A3-9474-1A3956D46DE8}") = "src", "src", "{02EA681E-C7D8-13C7-8484-4AC65E1B71E8}"
EndProject
Project("{2150E333-8FDC-42A3-9474-1A3956D46DE8}") = "API", "API", "{9E10740C-4BF3-4781-8E8C-5FBDA671653A}"
EndProject
Project("{2150E333-8FDC-42A3-9474-1A3956D46DE8}") = "Application", "Application", "{138C02BA-CCC5-4322-9BBE-7E48389D79BF}"
EndProject
Project("{2150E333-8FDC-42A3-9474-1A3956D46DE8}") = "Domain", "Domain", "{297B4297-C5B6-4B4B-B695-0260C0B6F952}"
EndProject
Project("{2150E333-8FDC-42A3-9474-1A3956D46DE8}") = "Infraestrutura", "Infraestrutura", "{C5B5BEF6-BB3D-477D-AE18-EF886241CB82}"
EndProject
Project("{2150E333-8FDC-42A3-9474-1A3956D46DE8}") = "InterfaceAdapter", "InterfaceAdapter", "{BC3101B0-390C-419F-9F20-DA8C0C8F6077}"
EndProject
Project("{2150E333-8FDC-42A3-9474-1A3956D46DE8}") = "Mapping", "Mapping", "{356C4C29-79B3-4133-83B4-1E91DB2717B1}"
EndProject
Project("{FAE04EC0-301F-11D3-BF4B-00C04F79EFBC}") = "GestaoMotel.API", "GestaoMotel.API\GestaoMotel.API.csproj", "{87346F6F-A649-43BC-82D9-4C5F3FEC0268}"
EndProject
Project("{FAE04EC0-301F-11D3-BF4B-00C04F79EFBC}") = "GestaoMotel.Domain", "GestaoMotel.Dominio\GestaoMotel.Domain.csproj", "{6FC61981-630C-46D5-A1D9-D1B1BFFFAD06}"
EndProject
Project("{FAE04EC0-301F-11D3-BF4B-00C04F79EFBC}") = "GestaoMotel.Application", "GestaoMotel.Aplicacao\GestaoMotel.Application.csproj", "{5293244A-8426-46FF-93BD-FBF4D73BB28D}"
EndProject
Project("{FAE04EC0-301F-11D3-BF4B-00C04F79EFBC}") = "GestaoMotel.Infra", "GestaoMotel.Infra\GestaoMotel.Infra.csproj", "{185B7ADF-030D-4E14-9B97-E3B024255509}"
EndProject
Project("{FAE04EC0-301F-11D3-BF4B-00C04F79EFBC}") = "GestaoMotel.Infra.IoC", "GestaoMotel.Infra.IOC\GestaoMotel.Infra.IoC.csproj", "{28F018C4-FFA8-4630-A6C1-783166EF2C29}"
EndProject
Project("{FAE04EC0-301F-11D3-BF4B-00C04F79EFBC}") = "GestaoMotel.InterfaceAdapter", "GestaoMotel.InterfaceAdapter\GestaoMotel.InterfaceAdapter.csproj", "{ACD7C8A1-6B03-4ED2-AD82-3DAE782C9C42}"
EndProject
Project("{FAE04EC0-301F-11D3-BF4B-00C04F79EFBC}") = "GestaoMotel.Mapping", "GestaoMotel.Mapping\GestaoMotel.Mapping.csproj", "{2E3793B0-E5EF-491E-943D-F2288995C708}"
EndProject
Project("{2150E333-8FDC-42A3-9474-1A3956D46DE8}") = "Web", "Web", "{2DB428DD-7B16-456E-BA93-678076E0F602}"
EndProject
Project("{2150E333-8FDC-42A3-9474-1A3956D46DE8}") = "mvc", "mvc", "{F1150C80-1BF6-4834-A865-22FF602C8FD7}"
EndProject
Project("{FAE04EC0-301F-11D3-BF4B-00C04F79EFBC}") = "GM.WebApp.MVC", "Web\GM.WebApp.MVC\GM.WebApp.MVC.csproj", "{A5084D23-F20F-4459-B046-DA5EC690CA68}"
EndProject
Global
	GlobalSection(SolutionConfigurationPlatforms) = preSolution
		Debug|Any CPU = Debug|Any CPU
		Release|Any CPU = Release|Any CPU
	EndGlobalSection
	GlobalSection(ProjectConfigurationPlatforms) = postSolution
		{87346F6F-A649-43BC-82D9-4C5F3FEC0268}.Debug|Any CPU.ActiveCfg = Debug|Any CPU
		{87346F6F-A649-43BC-82D9-4C5F3FEC0268}.Debug|Any CPU.Build.0 = Debug|Any CPU
		{87346F6F-A649-43BC-82D9-4C5F3FEC0268}.Release|Any CPU.ActiveCfg = Release|Any CPU
		{87346F6F-A649-43BC-82D9-4C5F3FEC0268}.Release|Any CPU.Build.0 = Release|Any CPU
		{6FC61981-630C-46D5-A1D9-D1B1BFFFAD06}.Debug|Any CPU.ActiveCfg = Debug|Any CPU
		{6FC61981-630C-46D5-A1D9-D1B1BFFFAD06}.Debug|Any CPU.Build.0 = Debug|Any CPU
		{6FC61981-630C-46D5-A1D9-D1B1BFFFAD06}.Release|Any CPU.ActiveCfg = Release|Any CPU
		{6FC61981-630C-46D5-A1D9-D1B1BFFFAD06}.Release|Any CPU.Build.0 = Release|Any CPU
		{5293244A-8426-46FF-93BD-FBF4D73BB28D}.Debug|Any CPU.ActiveCfg = Debug|Any CPU
		{5293244A-8426-46FF-93BD-FBF4D73BB28D}.Debug|Any CPU.Build.0 = Debug|Any CPU
		{5293244A-8426-46FF-93BD-FBF4D73BB28D}.Release|Any CPU.ActiveCfg = Release|Any CPU
		{5293244A-8426-46FF-93BD-FBF4D73BB28D}.Release|Any CPU.Build.0 = Release|Any CPU
		{185B7ADF-030D-4E14-9B97-E3B024255509}.Debug|Any CPU.ActiveCfg = Debug|Any CPU
		{185B7ADF-030D-4E14-9B97-E3B024255509}.Debug|Any CPU.Build.0 = Debug|Any CPU
		{185B7ADF-030D-4E14-9B97-E3B024255509}.Release|Any CPU.ActiveCfg = Release|Any CPU
		{185B7ADF-030D-4E14-9B97-E3B024255509}.Release|Any CPU.Build.0 = Release|Any CPU
		{28F018C4-FFA8-4630-A6C1-783166EF2C29}.Debug|Any CPU.ActiveCfg = Debug|Any CPU
		{28F018C4-FFA8-4630-A6C1-783166EF2C29}.Debug|Any CPU.Build.0 = Debug|Any CPU
		{28F018C4-FFA8-4630-A6C1-783166EF2C29}.Release|Any CPU.ActiveCfg = Release|Any CPU
		{28F018C4-FFA8-4630-A6C1-783166EF2C29}.Release|Any CPU.Build.0 = Release|Any CPU
		{ACD7C8A1-6B03-4ED2-AD82-3DAE782C9C42}.Debug|Any CPU.ActiveCfg = Debug|Any CPU
		{ACD7C8A1-6B03-4ED2-AD82-3DAE782C9C42}.Debug|Any CPU.Build.0 = Debug|Any CPU
		{ACD7C8A1-6B03-4ED2-AD82-3DAE782C9C42}.Release|Any CPU.ActiveCfg = Release|Any CPU
		{ACD7C8A1-6B03-4ED2-AD82-3DAE782C9C42}.Release|Any CPU.Build.0 = Release|Any CPU
		{2E3793B0-E5EF-491E-943D-F2288995C708}.Debug|Any CPU.ActiveCfg = Debug|Any CPU
		{2E3793B0-E5EF-491E-943D-F2288995C708}.Debug|Any CPU.Build.0 = Debug|Any CPU
		{2E3793B0-E5EF-491E-943D-F2288995C708}.Release|Any CPU.ActiveCfg = Release|Any CPU
		{2E3793B0-E5EF-491E-943D-F2288995C708}.Release|Any CPU.Build.0 = Release|Any CPU
		{A5084D23-F20F-4459-B046-DA5EC690CA68}.Debug|Any CPU.ActiveCfg = Debug|Any CPU
		{A5084D23-F20F-4459-B046-DA5EC690CA68}.Debug|Any CPU.Build.0 = Debug|Any CPU
		{A5084D23-F20F-4459-B046-DA5EC690CA68}.Release|Any CPU.ActiveCfg = Release|Any CPU
		{A5084D23-F20F-4459-B046-DA5EC690CA68}.Release|Any CPU.Build.0 = Release|Any CPU
	EndGlobalSection
	GlobalSection(SolutionProperties) = preSolution
		HideSolutionNode = FALSE
	EndGlobalSection
	GlobalSection(NestedProjects) = preSolution
		{9E10740C-4BF3-4781-8E8C-5FBDA671653A} = {02EA681E-C7D8-13C7-8484-4AC65E1B71E8}
		{138C02BA-CCC5-4322-9BBE-7E48389D79BF} = {02EA681E-C7D8-13C7-8484-4AC65E1B71E8}
		{297B4297-C5B6-4B4B-B695-0260C0B6F952} = {02EA681E-C7D8-13C7-8484-4AC65E1B71E8}
		{C5B5BEF6-BB3D-477D-AE18-EF886241CB82} = {02EA681E-C7D8-13C7-8484-4AC65E1B71E8}
		{BC3101B0-390C-419F-9F20-DA8C0C8F6077} = {02EA681E-C7D8-13C7-8484-4AC65E1B71E8}
		{356C4C29-79B3-4133-83B4-1E91DB2717B1} = {02EA681E-C7D8-13C7-8484-4AC65E1B71E8}
		{87346F6F-A649-43BC-82D9-4C5F3FEC0268} = {9E10740C-4BF3-4781-8E8C-5FBDA671653A}
		{6FC61981-630C-46D5-A1D9-D1B1BFFFAD06} = {297B4297-C5B6-4B4B-B695-0260C0B6F952}
		{5293244A-8426-46FF-93BD-FBF4D73BB28D} = {138C02BA-CCC5-4322-9BBE-7E48389D79BF}
		{185B7ADF-030D-4E14-9B97-E3B024255509} = {C5B5BEF6-BB3D-477D-AE18-EF886241CB82}
		{28F018C4-FFA8-4630-A6C1-783166EF2C29} = {C5B5BEF6-BB3D-477D-AE18-EF886241CB82}
		{ACD7C8A1-6B03-4ED2-AD82-3DAE782C9C42} = {BC3101B0-390C-419F-9F20-DA8C0C8F6077}
		{2E3793B0-E5EF-491E-943D-F2288995C708} = {356C4C29-79B3-4133-83B4-1E91DB2717B1}
		{2DB428DD-7B16-456E-BA93-678076E0F602} = {02EA681E-C7D8-13C7-8484-4AC65E1B71E8}
		{F1150C80-1BF6-4834-A865-22FF602C8FD7} = {2DB428DD-7B16-456E-BA93-678076E0F602}
		{A5084D23-F20F-4459-B046-DA5EC690CA68} = {F1150C80-1BF6-4834-A865-22FF602C8FD7}
	EndGlobalSection
	GlobalSection(ExtensibilityGlobals) = postSolution
		SolutionGuid = {04AB1568-57D6-4D8A-A210-866FC4A90FD2}
	EndGlobalSection
EndGlobal
